// !$*UTF8*$!
{
	archiveVersion = 1;
	classes = {
	};
	objectVersion = 48;
	objects = {

/* Begin PBXBuildFile section */
		EA6C315E20282A8900E25643 /* AppDelegate.m in Sources */ = {isa = PBXBuildFile; fileRef = EA6C315D20282A8900E25643 /* AppDelegate.m */; };
		EA6C316120282A8900E25643 /* ViewController.m in Sources */ = {isa = PBXBuildFile; fileRef = EA6C316020282A8900E25643 /* ViewController.m */; };
		EA6C316420282A8900E25643 /* Main.storyboard in Resources */ = {isa = PBXBuildFile; fileRef = EA6C316220282A8900E25643 /* Main.storyboard */; };
		EA6C316720282A8900E25643 /* insurance.xcdatamodeld in Sources */ = {isa = PBXBuildFile; fileRef = EA6C316520282A8900E25643 /* insurance.xcdatamodeld */; };
		EA6C316920282A8900E25643 /* Assets.xcassets in Resources */ = {isa = PBXBuildFile; fileRef = EA6C316820282A8900E25643 /* Assets.xcassets */; };
		EA6C316C20282A8900E25643 /* LaunchScreen.storyboard in Resources */ = {isa = PBXBuildFile; fileRef = EA6C316A20282A8900E25643 /* LaunchScreen.storyboard */; };
		EA6C316F20282A8900E25643 /* main.m in Sources */ = {isa = PBXBuildFile; fileRef = EA6C316E20282A8900E25643 /* main.m */; };
		EA6C317920282A8A00E25643 /* insuranceTests.m in Sources */ = {isa = PBXBuildFile; fileRef = EA6C317820282A8A00E25643 /* insuranceTests.m */; };
		EA6C318420282A8A00E25643 /* insuranceUITests.m in Sources */ = {isa = PBXBuildFile; fileRef = EA6C318320282A8A00E25643 /* insuranceUITests.m */; };
/* End PBXBuildFile section */

/* Begin PBXContainerItemProxy section */
		EA6C317520282A8A00E25643 /* PBXContainerItemProxy */ = {
			isa = PBXContainerItemProxy;
			containerPortal = EA6C315120282A8900E25643 /* Project object */;
			proxyType = 1;
			remoteGlobalIDString = EA6C315820282A8900E25643;
			remoteInfo = insurance;
		};
		EA6C318020282A8A00E25643 /* PBXContainerItemProxy */ = {
			isa = PBXContainerItemProxy;
			containerPortal = EA6C315120282A8900E25643 /* Project object */;
			proxyType = 1;
			remoteGlobalIDString = EA6C315820282A8900E25643;
			remoteInfo = insurance;
		};
/* End PBXContainerItemProxy section */

/* Begin PBXFileReference section */
		EA6C315920282A8900E25643 /* insurance.app */ = {isa = PBXFileReference; explicitFileType = wrapper.application; includeInIndex = 0; path = insurance.app; sourceTree = BUILT_PRODUCTS_DIR; };
		EA6C315C20282A8900E25643 /* AppDelegate.h */ = {isa = PBXFileReference; lastKnownFileType = sourcecode.c.h; path = AppDelegate.h; sourceTree = "<group>"; };
		EA6C315D20282A8900E25643 /* AppDelegate.m */ = {isa = PBXFileReference; lastKnownFileType = sourcecode.c.objc; path = AppDelegate.m; sourceTree = "<group>"; };
		EA6C315F20282A8900E25643 /* ViewController.h */ = {isa = PBXFileReference; lastKnownFileType = sourcecode.c.h; path = ViewController.h; sourceTree = "<group>"; };
		EA6C316020282A8900E25643 /* ViewController.m */ = {isa = PBXFileReference; lastKnownFileType = sourcecode.c.objc; path = ViewController.m; sourceTree = "<group>"; };
		EA6C316320282A8900E25643 /* Base */ = {isa = PBXFileReference; lastKnownFileType = file.storyboard; name = Base; path = Base.lproj/Main.storyboard; sourceTree = "<group>"; };
		EA6C316620282A8900E25643 /* insurance.xcdatamodel */ = {isa = PBXFileReference; lastKnownFileType = wrapper.xcdatamodel; path = insurance.xcdatamodel; sourceTree = "<group>"; };
		EA6C316820282A8900E25643 /* Assets.xcassets */ = {isa = PBXFileReference; lastKnownFileType = folder.assetcatalog; path = Assets.xcassets; sourceTree = "<group>"; };
		EA6C316B20282A8900E25643 /* Base */ = {isa = PBXFileReference; lastKnownFileType = file.storyboard; name = Base; path = Base.lproj/LaunchScreen.storyboard; sourceTree = "<group>"; };
		EA6C316D20282A8900E25643 /* Info.plist */ = {isa = PBXFileReference; lastKnownFileType = text.plist.xml; path = Info.plist; sourceTree = "<group>"; };
		EA6C316E20282A8900E25643 /* main.m */ = {isa = PBXFileReference; lastKnownFileType = sourcecode.c.objc; path = main.m; sourceTree = "<group>"; };
		EA6C317420282A8A00E25643 /* insuranceTests.xctest */ = {isa = PBXFileReference; explicitFileType = wrapper.cfbundle; includeInIndex = 0; path = insuranceTests.xctest; sourceTree = BUILT_PRODUCTS_DIR; };
		EA6C317820282A8A00E25643 /* insuranceTests.m */ = {isa = PBXFileReference; lastKnownFileType = sourcecode.c.objc; path = insuranceTests.m; sourceTree = "<group>"; };
		EA6C317A20282A8A00E25643 /* Info.plist */ = {isa = PBXFileReference; lastKnownFileType = text.plist.xml; path = Info.plist; sourceTree = "<group>"; };
		EA6C317F20282A8A00E25643 /* insuranceUITests.xctest */ = {isa = PBXFileReference; explicitFileType = wrapper.cfbundle; includeInIndex = 0; path = insuranceUITests.xctest; sourceTree = BUILT_PRODUCTS_DIR; };
		EA6C318320282A8A00E25643 /* insuranceUITests.m */ = {isa = PBXFileReference; lastKnownFileType = sourcecode.c.objc; path = insuranceUITests.m; sourceTree = "<group>"; };
		EA6C318520282A8A00E25643 /* Info.plist */ = {isa = PBXFileReference; lastKnownFileType = text.plist.xml; path = Info.plist; sourceTree = "<group>"; };
/* End PBXFileReference section */

/* Begin PBXFrameworksBuildPhase section */
		EA6C315620282A8900E25643 /* Frameworks */ = {
			isa = PBXFrameworksBuildPhase;
			buildActionMask = 2147483647;
			files = (
			);
			runOnlyForDeploymentPostprocessing = 0;
		};
		EA6C317120282A8A00E25643 /* Frameworks */ = {
			isa = PBXFrameworksBuildPhase;
			buildActionMask = 2147483647;
			files = (
			);
			runOnlyForDeploymentPostprocessing = 0;
		};
		EA6C317C20282A8A00E25643 /* Frameworks */ = {
			isa = PBXFrameworksBuildPhase;
			buildActionMask = 2147483647;
			files = (
			);
			runOnlyForDeploymentPostprocessing = 0;
		};
/* End PBXFrameworksBuildPhase section */

/* Begin PBXGroup section */
		EA6C315020282A8900E25643 = {
			isa = PBXGroup;
			children = (
				EA6C315B20282A8900E25643 /* insurance */,
				EA6C317720282A8A00E25643 /* insuranceTests */,
				EA6C318220282A8A00E25643 /* insuranceUITests */,
				EA6C315A20282A8900E25643 /* Products */,
			);
			sourceTree = "<group>";
		};
		EA6C315A20282A8900E25643 /* Products */ = {
			isa = PBXGroup;
			children = (
				EA6C315920282A8900E25643 /* insurance.app */,
				EA6C317420282A8A00E25643 /* insuranceTests.xctest */,
				EA6C317F20282A8A00E25643 /* insuranceUITests.xctest */,
			);
			name = Products;
			sourceTree = "<group>";
		};
		EA6C315B20282A8900E25643 /* insurance */ = {
			isa = PBXGroup;
			children = (
				EA6C315C20282A8900E25643 /* AppDelegate.h */,
				EA6C315D20282A8900E25643 /* AppDelegate.m */,
				EA6C315F20282A8900E25643 /* ViewController.h */,
				EA6C316020282A8900E25643 /* ViewController.m */,
				EA6C316220282A8900E25643 /* Main.storyboard */,
				EA6C316820282A8900E25643 /* Assets.xcassets */,
				EA6C316A20282A8900E25643 /* LaunchScreen.storyboard */,
				EA6C316D20282A8900E25643 /* Info.plist */,
				EA6C316E20282A8900E25643 /* main.m */,
				EA6C316520282A8900E25643 /* insurance.xcdatamodeld */,
			);
			path = insurance;
			sourceTree = "<group>";
		};
		EA6C317720282A8A00E25643 /* insuranceTests */ = {
			isa = PBXGroup;
			children = (
				EA6C317820282A8A00E25643 /* insuranceTests.m */,
				EA6C317A20282A8A00E25643 /* Info.plist */,
			);
			path = insuranceTests;
			sourceTree = "<group>";
		};
		EA6C318220282A8A00E25643 /* insuranceUITests */ = {
			isa = PBXGroup;
			children = (
				EA6C318320282A8A00E25643 /* insuranceUITests.m */,
				EA6C318520282A8A00E25643 /* Info.plist */,
			);
			path = insuranceUITests;
			sourceTree = "<group>";
		};
/* End PBXGroup section */

/* Begin PBXNativeTarget section */
		EA6C315820282A8900E25643 /* insurance */ = {
			isa = PBXNativeTarget;
			buildConfigurationList = EA6C318820282A8A00E25643 /* Build configuration list for PBXNativeTarget "insurance" */;
			buildPhases = (
				EA6C315520282A8900E25643 /* Sources */,
				EA6C315620282A8900E25643 /* Frameworks */,
				EA6C315720282A8900E25643 /* Resources */,
			);
			buildRules = (
			);
			dependencies = (
			);
			name = insurance;
			productName = insurance;
			productReference = EA6C315920282A8900E25643 /* insurance.app */;
			productType = "com.apple.product-type.application";
		};
		EA6C317320282A8A00E25643 /* insuranceTests */ = {
			isa = PBXNativeTarget;
			buildConfigurationList = EA6C318B20282A8A00E25643 /* Build configuration list for PBXNativeTarget "insuranceTests" */;
			buildPhases = (
				EA6C317020282A8A00E25643 /* Sources */,
				EA6C317120282A8A00E25643 /* Frameworks */,
				EA6C317220282A8A00E25643 /* Resources */,
			);
			buildRules = (
			);
			dependencies = (
				EA6C317620282A8A00E25643 /* PBXTargetDependency */,
			);
			name = insuranceTests;
			productName = insuranceTests;
			productReference = EA6C317420282A8A00E25643 /* insuranceTests.xctest */;
			productType = "com.apple.product-type.bundle.unit-test";
		};
		EA6C317E20282A8A00E25643 /* insuranceUITests */ = {
			isa = PBXNativeTarget;
			buildConfigurationList = EA6C318E20282A8A00E25643 /* Build configuration list for PBXNativeTarget "insuranceUITests" */;
			buildPhases = (
				EA6C317B20282A8A00E25643 /* Sources */,
				EA6C317C20282A8A00E25643 /* Frameworks */,
				EA6C317D20282A8A00E25643 /* Resources */,
			);
			buildRules = (
			);
			dependencies = (
				EA6C318120282A8A00E25643 /* PBXTargetDependency */,
			);
			name = insuranceUITests;
			productName = insuranceUITests;
			productReference = EA6C317F20282A8A00E25643 /* insuranceUITests.xctest */;
			productType = "com.apple.product-type.bundle.ui-testing";
		};
/* End PBXNativeTarget section */

/* Begin PBXProject section */
		EA6C315120282A8900E25643 /* Project object */ = {
			isa = PBXProject;
			attributes = {
				LastUpgradeCheck = 0920;
				ORGANIZATIONNAME = tony;
				TargetAttributes = {
					EA6C315820282A8900E25643 = {
						CreatedOnToolsVersion = 9.2;
						ProvisioningStyle = Automatic;
					};
					EA6C317320282A8A00E25643 = {
						CreatedOnToolsVersion = 9.2;
						ProvisioningStyle = Automatic;
						TestTargetID = EA6C315820282A8900E25643;
					};
					EA6C317E20282A8A00E25643 = {
						CreatedOnToolsVersion = 9.2;
						ProvisioningStyle = Automatic;
						TestTargetID = EA6C315820282A8900E25643;
					};
				};
			};
			buildConfigurationList = EA6C315420282A8900E25643 /* Build configuration list for PBXProject "insurance" */;
			compatibilityVersion = "Xcode 8.0";
			developmentRegion = en;
			hasScannedForEncodings = 0;
			knownRegions = (
				en,
				Base,
			);
			mainGroup = EA6C315020282A8900E25643;
			productRefGroup = EA6C315A20282A8900E25643 /* Products */;
			projectDirPath = "";
			projectRoot = "";
			targets = (
				EA6C315820282A8900E25643 /* insurance */,
				EA6C317320282A8A00E25643 /* insuranceTests */,
				EA6C317E20282A8A00E25643 /* insuranceUITests */,
			);
		};
/* End PBXProject section */

/* Begin PBXResourcesBuildPhase section */
		EA6C315720282A8900E25643 /* Resources */ = {
			isa = PBXResourcesBuildPhase;
			buildActionMask = 2147483647;
			files = (
				EA6C316C20282A8900E25643 /* LaunchScreen.storyboard in Resources */,
				EA6C316920282A8900E25643 /* Assets.xcassets in Resources */,
				EA6C316420282A8900E25643 /* Main.storyboard in Resources */,
			);
			runOnlyForDeploymentPostprocessing = 0;
		};
		EA6C317220282A8A00E25643 /* Resources */ = {
			isa = PBXResourcesBuildPhase;
			buildActionMask = 2147483647;
			files = (
			);
			runOnlyForDeploymentPostprocessing = 0;
		};
		EA6C317D20282A8A00E25643 /* Resources */ = {
			isa = PBXResourcesBuildPhase;
			buildActionMask = 2147483647;
			files = (
			);
			runOnlyForDeploymentPostprocessing = 0;
		};
/* End PBXResourcesBuildPhase section */

/* Begin PBXSourcesBuildPhase section */
		EA6C315520282A8900E25643 /* Sources */ = {
			isa = PBXSourcesBuildPhase;
			buildActionMask = 2147483647;
			files = (
				EA6C316720282A8900E25643 /* insurance.xcdatamodeld in Sources */,
				EA6C316120282A8900E25643 /* ViewController.m in Sources */,
				EA6C316F20282A8900E25643 /* main.m in Sources */,
				EA6C315E20282A8900E25643 /* AppDelegate.m in Sources */,
			);
			runOnlyForDeploymentPostprocessing = 0;
		};
		EA6C317020282A8A00E25643 /* Sources */ = {
			isa = PBXSourcesBuildPhase;
			buildActionMask = 2147483647;
			files = (
				EA6C317920282A8A00E25643 /* insuranceTests.m in Sources */,
			);
			runOnlyForDeploymentPostprocessing = 0;
		};
		EA6C317B20282A8A00E25643 /* Sources */ = {
			isa = PBXSourcesBuildPhase;
			buildActionMask = 2147483647;
			files = (
				EA6C318420282A8A00E25643 /* insuranceUITests.m in Sources */,
			);
			runOnlyForDeploymentPostprocessing = 0;
		};
/* End PBXSourcesBuildPhase section */

/* Begin PBXTargetDependency section */
		EA6C317620282A8A00E25643 /* PBXTargetDependency */ = {
			isa = PBXTargetDependency;
			target = EA6C315820282A8900E25643 /* insurance */;
			targetProxy = EA6C317520282A8A00E25643 /* PBXContainerItemProxy */;
		};
		EA6C318120282A8A00E25643 /* PBXTargetDependency */ = {
			isa = PBXTargetDependency;
			target = EA6C315820282A8900E25643 /* insurance */;
			targetProxy = EA6C318020282A8A00E25643 /* PBXContainerItemProxy */;
		};
/* End PBXTargetDependency section */

/* Begin PBXVariantGroup section */
		EA6C316220282A8900E25643 /* Main.storyboard */ = {
			isa = PBXVariantGroup;
			children = (
				EA6C316320282A8900E25643 /* Base */,
			);
			name = Main.storyboard;
			sourceTree = "<group>";
		};
		EA6C316A20282A8900E25643 /* LaunchScreen.storyboard */ = {
			isa = PBXVariantGroup;
			children = (
				EA6C316B20282A8900E25643 /* Base */,
			);
			name = LaunchScreen.storyboard;
			sourceTree = "<group>";
		};
/* End PBXVariantGroup section */

/* Begin XCBuildConfiguration section */
		EA6C318620282A8A00E25643 /* Debug */ = {
			isa = XCBuildConfiguration;
			buildSettings = {
				ALWAYS_SEARCH_USER_PATHS = NO;
				CLANG_ANALYZER_NONNULL = YES;
				CLANG_ANALYZER_NUMBER_OBJECT_CONVERSION = YES_AGGRESSIVE;
				CLANG_CXX_LANGUAGE_STANDARD = "gnu++14";
				CLANG_CXX_LIBRARY = "libc++";
				CLANG_ENABLE_MODULES = YES;
				CLANG_ENABLE_OBJC_ARC = YES;
				CLANG_WARN_BLOCK_CAPTURE_AUTORELEASING = YES;
				CLANG_WARN_BOOL_CONVERSION = YES;
				CLANG_WARN_COMMA = YES;
				CLANG_WARN_CONSTANT_CONVERSION = YES;
				CLANG_WARN_DIRECT_OBJC_ISA_USAGE = YES_ERROR;
				CLANG_WARN_DOCUMENTATION_COMMENTS = YES;
				CLANG_WARN_EMPTY_BODY = YES;
				CLANG_WARN_ENUM_CONVERSION = YES;
				CLANG_WARN_INFINITE_RECURSION = YES;
				CLANG_WARN_INT_CONVERSION = YES;
				CLANG_WARN_NON_LITERAL_NULL_CONVERSION = YES;
				CLANG_WARN_OBJC_LITERAL_CONVERSION = YES;
				CLANG_WARN_OBJC_ROOT_CLASS = YES_ERROR;
				CLANG_WARN_RANGE_LOOP_ANALYSIS = YES;
				CLANG_WARN_STRICT_PROTOTYPES = YES;
				CLANG_WARN_SUSPICIOUS_MOVE = YES;
				CLANG_WARN_UNGUARDED_AVAILABILITY = YES_AGGRESSIVE;
				CLANG_WARN_UNREACHABLE_CODE = YES;
				CLANG_WARN__DUPLICATE_METHOD_MATCH = YES;
				CODE_SIGN_IDENTITY = "iPhone Developer";
				COPY_PHASE_STRIP = NO;
				DEBUG_INFORMATION_FORMAT = dwarf;
				ENABLE_STRICT_OBJC_MSGSEND = YES;
				ENABLE_TESTABILITY = YES;
				GCC_C_LANGUAGE_STANDARD = gnu11;
				GCC_DYNAMIC_NO_PIC = NO;
				GCC_NO_COMMON_BLOCKS = YES;
				GCC_OPTIMIZATION_LEVEL = 0;
				GCC_PREPROCESSOR_DEFINITIONS = (
					"DEBUG=1",
					"$(inherited)",
				);
				GCC_WARN_64_TO_32_BIT_CONVERSION = YES;
				GCC_WARN_ABOUT_RETURN_TYPE = YES_ERROR;
				GCC_WARN_UNDECLARED_SELECTOR = YES;
				GCC_WARN_UNINITIALIZED_AUTOS = YES_AGGRESSIVE;
				GCC_WARN_UNUSED_FUNCTION = YES;
				GCC_WARN_UNUSED_VARIABLE = YES;
				IPHONEOS_DEPLOYMENT_TARGET = 11.2;
				MTL_ENABLE_DEBUG_INFO = YES;
				ONLY_ACTIVE_ARCH = YES;
				SDKROOT = iphoneos;
			};
			name = Debug;
		};
		EA6C318720282A8A00E25643 /* Release */ = {
			isa = XCBuildConfiguration;
			buildSettings = {
				ALWAYS_SEARCH_USER_PATHS = NO;
				CLANG_ANALYZER_NONNULL = YES;
				CLANG_ANALYZER_NUMBER_OBJECT_CONVERSION = YES_AGGRESSIVE;
				CLANG_CXX_LANGUAGE_STANDARD = "gnu++14";
				CLANG_CXX_LIBRARY = "libc++";
				CLANG_ENABLE_MODULES = YES;
				CLANG_ENABLE_OBJC_ARC = YES;
				CLANG_WARN_BLOCK_CAPTURE_AUTORELEASING = YES;
				CLANG_WARN_BOOL_CONVERSION = YES;
				CLANG_WARN_COMMA = YES;
				CLANG_WARN_CONSTANT_CONVERSION = YES;
				CLANG_WARN_DIRECT_OBJC_ISA_USAGE = YES_ERROR;
				CLANG_WARN_DOCUMENTATION_COMMENTS = YES;
				CLANG_WARN_EMPTY_BODY = YES;
				CLANG_WARN_ENUM_CONVERSION = YES;
				CLANG_WARN_INFINITE_RECURSION = YES;
				CLANG_WARN_INT_CONVERSION = YES;
				CLANG_WARN_NON_LITERAL_NULL_CONVERSION = YES;
				CLANG_WARN_OBJC_LITERAL_CONVERSION = YES;
				CLANG_WARN_OBJC_ROOT_CLASS = YES_ERROR;
				CLANG_WARN_RANGE_LOOP_ANALYSIS = YES;
				CLANG_WARN_STRICT_PROTOTYPES = YES;
				CLANG_WARN_SUSPICIOUS_MOVE = YES;
				CLANG_WARN_UNGUARDED_AVAILABILITY = YES_AGGRESSIVE;
				CLANG_WARN_UNREACHABLE_CODE = YES;
				CLANG_WARN__DUPLICATE_METHOD_MATCH = YES;
				CODE_SIGN_IDENTITY = "iPhone Developer";
				COPY_PHASE_STRIP = NO;
				DEBUG_INFORMATION_FORMAT = "dwarf-with-dsym";
				ENABLE_NS_ASSERTIONS = NO;
				ENABLE_STRICT_OBJC_MSGSEND = YES;
				GCC_C_LANGUAGE_STANDARD = gnu11;
				GCC_NO_COMMON_BLOCKS = YES;
				GCC_WARN_64_TO_32_BIT_CONVERSION = YES;
				GCC_WARN_ABOUT_RETURN_TYPE = YES_ERROR;
				GCC_WARN_UNDECLARED_SELECTOR = YES;
				GCC_WARN_UNINITIALIZED_AUTOS = YES_AGGRESSIVE;
				GCC_WARN_UNUSED_FUNCTION = YES;
				GCC_WARN_UNUSED_VARIABLE = YES;
				IPHONEOS_DEPLOYMENT_TARGET = 11.2;
				MTL_ENABLE_DEBUG_INFO = NO;
				SDKROOT = iphoneos;
				VALIDATE_PRODUCT = YES;
			};
			name = Release;
		};
		EA6C318920282A8A00E25643 /* Debug */ = {
			isa = XCBuildConfiguration;
			buildSettings = {
				ASSETCATALOG_COMPILER_APPICON_NAME = AppIcon;
				CODE_SIGN_STYLE = Automatic;
				INFOPLIST_FILE = insurance/Info.plist;
				LD_RUNPATH_SEARCH_PATHS = "$(inherited) @executable_path/Frameworks";
				PRODUCT_BUNDLE_IDENTIFIER = SC.com.insurance;
				PRODUCT_NAME = "$(TARGET_NAME)";
				TARGETED_DEVICE_FAMILY = "1,2";
			};
			name = Debug;
		};
		EA6C318A20282A8A00E25643 /* Release */ = {
			isa = XCBuildConfiguration;
			buildSettings = {
				ASSETCATALOG_COMPILER_APPICON_NAME = AppIcon;
				CODE_SIGN_STYLE = Automatic;
				INFOPLIST_FILE = insurance/Info.plist;
				LD_RUNPATH_SEARCH_PATHS = "$(inherited) @executable_path/Frameworks";
				PRODUCT_BUNDLE_IDENTIFIER = SC.com.insurance;
				PRODUCT_NAME = "$(TARGET_NAME)";
				TARGETED_DEVICE_FAMILY = "1,2";
			};
			name = Release;
		};
		EA6C318C20282A8A00E25643 /* Debug */ = {
			isa = XCBuildConfiguration;
			buildSettings = {
				BUNDLE_LOADER = "$(TEST_HOST)";
				CODE_SIGN_STYLE = Automatic;
				INFOPLIST_FILE = insuranceTests/Info.plist;
				LD_RUNPATH_SEARCH_PATHS = "$(inherited) @executable_path/Frameworks @loader_path/Frameworks";
				PRODUCT_BUNDLE_IDENTIFIER = SC.com.insuranceTests;
				PRODUCT_NAME = "$(TARGET_NAME)";
				TARGETED_DEVICE_FAMILY = "1,2";
				TEST_HOST = "$(BUILT_PRODUCTS_DIR)/insurance.app/insurance";
			};
			name = Debug;
		};
		EA6C318D20282A8A00E25643 /* Release */ = {
			isa = XCBuildConfiguration;
			buildSettings = {
				BUNDLE_LOADER = "$(TEST_HOST)";
				CODE_SIGN_STYLE = Automatic;
				INFOPLIST_FILE = insuranceTests/Info.plist;
				LD_RUNPATH_SEARCH_PATHS = "$(inherited) @executable_path/Frameworks @loader_path/Frameworks";
				PRODUCT_BUNDLE_IDENTIFIER = SC.com.insuranceTests;
				PRODUCT_NAME = "$(TARGET_NAME)";
				TARGETED_DEVICE_FAMILY = "1,2";
				TEST_HOST = "$(BUILT_PRODUCTS_DIR)/insurance.app/insurance";
			};
			name = Release;
		};
		EA6C318F20282A8A00E25643 /* Debug */ = {
			isa = XCBuildConfiguration;
			buildSettings = {
				CODE_SIGN_STYLE = Automatic;
				INFOPLIST_FILE = insuranceUITests/Info.plist;
				LD_RUNPATH_SEARCH_PATHS = "$(inherited) @executable_path/Frameworks @loader_path/Frameworks";
				PRODUCT_BUNDLE_IDENTIFIER = SC.com.insuranceUITests;
				PRODUCT_NAME = "$(TARGET_NAME)";
				TARGETED_DEVICE_FAMILY = "1,2";
				TEST_TARGET_NAME = insurance;
			};
			name = Debug;
		};
		EA6C319020282A8A00E25643 /* Release */ = {
			isa = XCBuildConfiguration;
			buildSettings = {
				CODE_SIGN_STYLE = Automatic;
				INFOPLIST_FILE = insuranceUITests/Info.plist;
				LD_RUNPATH_SEARCH_PATHS = "$(inherited) @executable_path/Frameworks @loader_path/Frameworks";
				PRODUCT_BUNDLE_IDENTIFIER = SC.com.insuranceUITests;
				PRODUCT_NAME = "$(TARGET_NAME)";
				TARGETED_DEVICE_FAMILY = "1,2";
				TEST_TARGET_NAME = insurance;
			};
			name = Release;
		};
/* End XCBuildConfiguration section */

/* Begin XCConfigurationList section */
		EA6C315420282A8900E25643 /* Build configuration list for PBXProject "insurance" */ = {
			isa = XCConfigurationList;
			buildConfigurations = (
				EA6C318620282A8A00E25643 /* Debug */,
				EA6C318720282A8A00E25643 /* Release */,
			);
			defaultConfigurationIsVisible = 0;
			defaultConfigurationName = Release;
		};
		EA6C318820282A8A00E25643 /* Build configuration list for PBXNativeTarget "insurance" */ = {
			isa = XCConfigurationList;
			buildConfigurations = (
				EA6C318920282A8A00E25643 /* Debug */,
				EA6C318A20282A8A00E25643 /* Release */,
			);
			defaultConfigurationIsVisible = 0;
			defaultConfigurationName = Release;
		};
		EA6C318B20282A8A00E25643 /* Build configuration list for PBXNativeTarget "insuranceTests" */ = {
			isa = XCConfigurationList;
			buildConfigurations = (
				EA6C318C20282A8A00E25643 /* Debug */,
				EA6C318D20282A8A00E25643 /* Release */,
			);
			defaultConfigurationIsVisible = 0;
			defaultConfigurationName = Release;
		};
		EA6C318E20282A8A00E25643 /* Build configuration list for PBXNativeTarget "insuranceUITests" */ = {
			isa = XCConfigurationList;
			buildConfigurations = (
				EA6C318F20282A8A00E25643 /* Debug */,
				EA6C319020282A8A00E25643 /* Release */,
			);
			defaultConfigurationIsVisible = 0;
			defaultConfigurationName = Release;
		};
/* End XCConfigurationList section */

/* Begin XCVersionGroup section */
		EA6C316520282A8900E25643 /* insurance.xcdatamodeld */ = {
			isa = XCVersionGroup;
			children = (
				EA6C316620282A8900E25643 /* insurance.xcdatamodel */,
			);
			currentVersion = EA6C316620282A8900E25643 /* insurance.xcdatamodel */;
			path = insurance.xcdatamodeld;
			sourceTree = "<group>";
			versionGroupType = wrapper.xcdatamodel;
		};
/* End XCVersionGroup section */
	};
	rootObject = EA6C315120282A8900E25643 /* Project object */;
}
